
Microsoft Visual Studio Solution File, Format Version 12.00
# Visual Studio 14
VisualStudioVersion = 14.0.25123.0
MinimumVisualStudioVersion = 10.0.40219.1
Project("{FAE04EC0-301F-11D3-BF4B-00C04F79EFBC}") = "GDDL", "GDDL\GDDL.csproj", "{9B3E6F96-D5CC-4284-A5FC-2D43485855F2}"
EndProject
Project("{FAE04EC0-301F-11D3-BF4B-00C04F79EFBC}") = "GDDL.Test", "GDDL.Test\GDDL.Test.csproj", "{9DD360AB-54A0-4403-825D-8D71B11D17EA}"
EndProject
Project("{2150E333-8FDC-42A3-9474-1A3956D46DE8}") = "Solution Items", "Solution Items", "{44E54DB1-DA49-42A0-A185-5E43B6D52820}"
	ProjectSection(SolutionItems) = preProject
		Samples\Schema.txt = Samples\Schema.txt
		Samples\Test.txt = Samples\Test.txt
	EndProjectSection
EndProject
Global
	GlobalSection(SolutionConfigurationPlatforms) = preSolution
		Debug|Any CPU = Debug|Any CPU
		Release|Any CPU = Release|Any CPU
	EndGlobalSection
	GlobalSection(ProjectConfigurationPlatforms) = postSolution
		{9B3E6F96-D5CC-4284-A5FC-2D43485855F2}.Debug|Any CPU.ActiveCfg = Debug|Any CPU
		{9B3E6F96-D5CC-4284-A5FC-2D43485855F2}.Debug|Any CPU.Build.0 = Debug|Any CPU
		{9B3E6F96-D5CC-4284-A5FC-2D43485855F2}.Release|Any CPU.ActiveCfg = Release|Any CPU
		{9B3E6F96-D5CC-4284-A5FC-2D43485855F2}.Release|Any CPU.Build.0 = Release|Any CPU
		{9DD360AB-54A0-4403-825D-8D71B11D17EA}.Debug|Any CPU.ActiveCfg = Debug|Any CPU
		{9DD360AB-54A0-4403-825D-8D71B11D17EA}.Debug|Any CPU.Build.0 = Debug|Any CPU
		{9DD360AB-54A0-4403-825D-8D71B11D17EA}.Release|Any CPU.ActiveCfg = Release|Any CPU
		{9DD360AB-54A0-4403-825D-8D71B11D17EA}.Release|Any CPU.Build.0 = Release|Any CPU
	EndGlobalSection
	GlobalSection(SolutionProperties) = preSolution
		HideSolutionNode = FALSE
	EndGlobalSection
EndGlobal
